# DO NOT DELETE THIS FILE
# This file locks the correct Supabase project configuration
# CORRECT PROJECT ID: gadedbrnqzpfqtsdfzcg
# CORRECT URL: https://gadedbrnqzpfqtsdfzcg.supabase.co
# Last updated: 2025-11-18

LOCKED_PROJECT_ID=gadedbrnqzpfqtsdfzcg
LOCKED_SUPABASE_URL=https://gadedbrnqzpfqtsdfzcg.supabase.co
