# DO NOT DELETE THIS FILE
# This file locks the correct Supabase project configuration
# CORRECT PROJECT ID: bzxohkrxcwodllketcpz
# CORRECT URL: https://bzxohkrxcwodllketcpz.supabase.co
# Last updated: 2026-05-07

LOCKED_PROJECT_ID=bzxohkrxcwodllketcpz
LOCKED_SUPABASE_URL=https://bzxohkrxcwodllketcpz.supabase.co
LOCKED_SUPABASE_ANON_KEY=eyJhbGciOiJIUzI1NiIsInR5cCI6IkpXVCJ9.eyJpc3MiOiJzdXBhYmFzZSIsInJlZiI6ImJ6eG9oa3J4Y3dvZGxsa2V0Y3B6Iiwicm9sZSI6ImFub24iLCJpYXQiOjE3NzM4NjUzODUsImV4cCI6MjA4OTQ0MjEzODV9.ExeLy2sWZMnLY4VToGlbqr3F4SpNmrsE9Hw0lyAhb9A
