# DO NOT DELETE THIS FILE
# This file locks the correct Supabase project configuration
# CORRECT PROJECT ID: bzxohkrxcwodllketcpz
# CORRECT URL: https://bzxohkrxcwodllketcpz.supabase.co
# Last updated: 2026-03-18

LOCKED_PROJECT_ID=bzxohkrxcwodllketcpz
LOCKED_SUPABASE_URL=https://bzxohkrxcwodllketcpz.supabase.co
